# THIS IS AN AUTOGENERATED FILE. DO NOT EDIT THIS FILE DIRECTLY.
# yarn lockfile v1


"@reactflow/background@11.3.14":
  version "11.3.14"
  resolved "https://registry.yarnpkg.com/@reactflow/background/-/background-11.3.14.tgz#778ca30174f3de77fc321459ab3789e66e71a699"
  integrity sha512-Gewd7blEVT5Lh6jqrvOgd4G6Qk17eGKQfsDXgyRSqM+CTwDqRldG2LsWN4sNeno6sbqVIC2fZ+rAUBFA9ZEUDA==
  dependencies:
    "@reactflow/core" "11.11.4"
    classcat "^5.0.3"
    zustand "^4.4.1"

"@reactflow/controls@11.2.14":
  version "11.2.14"
  resolved "https://registry.yarnpkg.com/@reactflow/controls/-/controls-11.2.14.tgz#508ed2c40d23341b3b0919dd11e76fd49cf850c7"
  integrity sha512-MiJp5VldFD7FrqaBNIrQ85dxChrG6ivuZ+dcFhPQUwOK3HfYgX2RHdBua+gx+40p5Vw5It3dVNp/my4Z3jF0dw==
  dependencies:
    "@reactflow/core" "11.11.4"
    classcat "^5.0.3"
    zustand "^4.4.1"

"@reactflow/core@11.11.4":
  version "11.11.4"
  resolved "https://registry.yarnpkg.com/@reactflow/core/-/core-11.11.4.tgz#89bd86d1862aa1416f3f49926cede7e8c2aab6a7"
  integrity sha512-H4vODklsjAq3AMq6Np4LE12i1I4Ta9PrDHuBR9GmL8uzTt2l2jh4CiQbEMpvMDcp7xi4be0hgXj+Ysodde/i7Q==
  dependencies:
    "@types/d3" "^7.4.0"
    "@types/d3-drag" "^3.0.1"
    "@types/d3-selection" "^3.0.3"
    "@types/d3-zoom" "^3.0.1"
    classcat "^5.0.3"
    d3-drag "^3.0.0"
    d3-selection "^3.0.0"
    d3-zoom "^3.0.0"
    zustand "^4.4.1"

"@reactflow/minimap@11.7.14":
  version "11.7.14"
  resolved "https://registry.yarnpkg.com/@reactflow/minimap/-/minimap-11.7.14.tgz#298d7a63cb1da06b2518c99744f716560c88ca73"
  integrity sha512-mpwLKKrEAofgFJdkhwR5UQ1JYWlcAAL/ZU/bctBkuNTT1yqV+y0buoNVImsRehVYhJwffSWeSHaBR5/GJjlCSQ==
  dependencies:
    "@reactflow/core" "11.11.4"
    "@types/d3-selection" "^3.0.3"
    "@types/d3-zoom" "^3.0.1"
    classcat "^5.0.3"
    d3-selection "^3.0.0"
    d3-zoom "^3.0.0"
    zustand "^4.4.1"

"@reactflow/node-resizer@2.2.14":
  version "2.2.14"
  resolved "https://registry.yarnpkg.com/@reactflow/node-resizer/-/node-resizer-2.2.14.tgz#1810c0ce51aeb936f179466a6660d1e02c7a77a8"
  integrity sha512-fwqnks83jUlYr6OHcdFEedumWKChTHRGw/kbCxj0oqBd+ekfs+SIp4ddyNU0pdx96JIm5iNFS0oNrmEiJbbSaA==
  dependencies:
    "@reactflow/core" "11.11.4"
    classcat "^5.0.4"
    d3-drag "^3.0.0"
    d3-selection "^3.0.0"
    zustand "^4.4.1"

"@reactflow/node-toolbar@1.3.14":
  version "1.3.14"
  resolved "https://registry.yarnpkg.com/@reactflow/node-toolbar/-/node-toolbar-1.3.14.tgz#c6ffc76f82acacdce654f2160dc9852162d6e7c9"
  integrity sha512-rbynXQnH/xFNu4P9H+hVqlEUafDCkEoCy0Dg9mG22Sg+rY/0ck6KkrAQrYrTgXusd+cEJOMK0uOOFCK2/5rSGQ==
  dependencies:
    "@reactflow/core" "11.11.4"
    classcat "^5.0.3"
    zustand "^4.4.1"

"@types/d3-array@*":
  version "3.2.1"
  resolved "https://registry.yarnpkg.com/@types/d3-array/-/d3-array-3.2.1.tgz#1f6658e3d2006c4fceac53fde464166859f8b8c5"
  integrity sha512-Y2Jn2idRrLzUfAKV2LyRImR+y4oa2AntrgID95SHJxuMUrkNXmanDSed71sRNZysveJVt1hLLemQZIady0FpEg==

"@types/d3-axis@*":
  version "3.0.6"
  resolved "https://registry.yarnpkg.com/@types/d3-axis/-/d3-axis-3.0.6.tgz#e760e5765b8188b1defa32bc8bb6062f81e4c795"
  integrity sha512-pYeijfZuBd87T0hGn0FO1vQ/cgLk6E1ALJjfkC0oJ8cbwkZl3TpgS8bVBLZN+2jjGgg38epgxb2zmoGtSfvgMw==
  dependencies:
    "@types/d3-selection" "*"

"@types/d3-brush@*":
  version "3.0.6"
  resolved "https://registry.yarnpkg.com/@types/d3-brush/-/d3-brush-3.0.6.tgz#c2f4362b045d472e1b186cdbec329ba52bdaee6c"
  integrity sha512-nH60IZNNxEcrh6L1ZSMNA28rj27ut/2ZmI3r96Zd+1jrZD++zD3LsMIjWlvg4AYrHn/Pqz4CF3veCxGjtbqt7A==
  dependencies:
    "@types/d3-selection" "*"

"@types/d3-chord@*":
  version "3.0.6"
  resolved "https://registry.yarnpkg.com/@types/d3-chord/-/d3-chord-3.0.6.tgz#1706ca40cf7ea59a0add8f4456efff8f8775793d"
  integrity sha512-LFYWWd8nwfwEmTZG9PfQxd17HbNPksHBiJHaKuY1XeqscXacsS2tyoo6OdRsjf+NQYeB6XrNL3a25E3gH69lcg==

"@types/d3-color@*":
  version "3.1.3"
  resolved "https://registry.yarnpkg.com/@types/d3-color/-/d3-color-3.1.3.tgz#368c961a18de721da8200e80bf3943fb53136af2"
  integrity sha512-iO90scth9WAbmgv7ogoq57O9YpKmFBbmoEoCHDB2xMBY0+/KVrqAaCDyCE16dUspeOvIxFFRI+0sEtqDqy2b4A==

"@types/d3-contour@*":
  version "3.0.6"
  resolved "https://registry.yarnpkg.com/@types/d3-contour/-/d3-contour-3.0.6.tgz#9ada3fa9c4d00e3a5093fed0356c7ab929604231"
  integrity sha512-BjzLgXGnCWjUSYGfH1cpdo41/hgdWETu4YxpezoztawmqsvCeep+8QGfiY6YbDvfgHz/DkjeIkkZVJavB4a3rg==
  dependencies:
    "@types/d3-array" "*"
    "@types/geojson" "*"

"@types/d3-delaunay@*":
  version "6.0.4"
  resolved "https://registry.yarnpkg.com/@types/d3-delaunay/-/d3-delaunay-6.0.4.tgz#185c1a80cc807fdda2a3fe960f7c11c4a27952e1"
  integrity sha512-ZMaSKu4THYCU6sV64Lhg6qjf1orxBthaC161plr5KuPHo3CNm8DTHiLw/5Eq2b6TsNP0W0iJrUOFscY6Q450Hw==

"@types/d3-dispatch@*":
  version "3.0.6"
  resolved "https://registry.yarnpkg.com/@types/d3-dispatch/-/d3-dispatch-3.0.6.tgz#096efdf55eb97480e3f5621ff9a8da552f0961e7"
  integrity sha512-4fvZhzMeeuBJYZXRXrRIQnvUYfyXwYmLsdiN7XXmVNQKKw1cM8a5WdID0g1hVFZDqT9ZqZEY5pD44p24VS7iZQ==

"@types/d3-drag@*", "@types/d3-drag@^3.0.1":
  version "3.0.7"
  resolved "https://registry.yarnpkg.com/@types/d3-drag/-/d3-drag-3.0.7.tgz#b13aba8b2442b4068c9a9e6d1d82f8bcea77fc02"
  integrity sha512-HE3jVKlzU9AaMazNufooRJ5ZpWmLIoc90A37WU2JMmeq28w1FQqCZswHZ3xR+SuxYftzHq6WU6KJHvqxKzTxxQ==
  dependencies:
    "@types/d3-selection" "*"

"@types/d3-dsv@*":
  version "3.0.7"
  resolved "https://registry.yarnpkg.com/@types/d3-dsv/-/d3-dsv-3.0.7.tgz#0a351f996dc99b37f4fa58b492c2d1c04e3dac17"
  integrity sha512-n6QBF9/+XASqcKK6waudgL0pf/S5XHPPI8APyMLLUHd8NqouBGLsU8MgtO7NINGtPBtk9Kko/W4ea0oAspwh9g==

"@types/d3-ease@*":
  version "3.0.2"
  resolved "https://registry.yarnpkg.com/@types/d3-ease/-/d3-ease-3.0.2.tgz#e28db1bfbfa617076f7770dd1d9a48eaa3b6c51b"
  integrity sha512-NcV1JjO5oDzoK26oMzbILE6HW7uVXOHLQvHshBUW4UMdZGfiY6v5BeQwh9a9tCzv+CeefZQHJt5SRgK154RtiA==

"@types/d3-fetch@*":
  version "3.0.7"
  resolved "https://registry.yarnpkg.com/@types/d3-fetch/-/d3-fetch-3.0.7.tgz#c04a2b4f23181aa376f30af0283dbc7b3b569980"
  integrity sha512-fTAfNmxSb9SOWNB9IoG5c8Hg6R+AzUHDRlsXsDZsNp6sxAEOP0tkP3gKkNSO/qmHPoBFTxNrjDprVHDQDvo5aA==
  dependencies:
    "@types/d3-dsv" "*"

"@types/d3-force@*":
  version "3.0.10"
  resolved "https://registry.yarnpkg.com/@types/d3-force/-/d3-force-3.0.10.tgz#6dc8fc6e1f35704f3b057090beeeb7ac674bff1a"
  integrity sha512-ZYeSaCF3p73RdOKcjj+swRlZfnYpK1EbaDiYICEEp5Q6sUiqFaFQ9qgoshp5CzIyyb/yD09kD9o2zEltCexlgw==

"@types/d3-format@*":
  version "3.0.4"
  resolved "https://registry.yarnpkg.com/@types/d3-format/-/d3-format-3.0.4.tgz#b1e4465644ddb3fdf3a263febb240a6cd616de90"
  integrity sha512-fALi2aI6shfg7vM5KiR1wNJnZ7r6UuggVqtDA+xiEdPZQwy/trcQaHnwShLuLdta2rTymCNpxYTiMZX/e09F4g==

"@types/d3-geo@*":
  version "3.1.0"
  resolved "https://registry.yarnpkg.com/@types/d3-geo/-/d3-geo-3.1.0.tgz#b9e56a079449174f0a2c8684a9a4df3f60522440"
  integrity sha512-856sckF0oP/diXtS4jNsiQw/UuK5fQG8l/a9VVLeSouf1/PPbBE1i1W852zVwKwYCBkFJJB7nCFTbk6UMEXBOQ==
  dependencies:
    "@types/geojson" "*"

"@types/d3-hierarchy@*":
  version "3.1.7"
  resolved "https://registry.yarnpkg.com/@types/d3-hierarchy/-/d3-hierarchy-3.1.7.tgz#6023fb3b2d463229f2d680f9ac4b47466f71f17b"
  integrity sha512-tJFtNoYBtRtkNysX1Xq4sxtjK8YgoWUNpIiUee0/jHGRwqvzYxkq0hGVbbOGSz+JgFxxRu4K8nb3YpG3CMARtg==

"@types/d3-interpolate@*":
  version "3.0.4"
  resolved "https://registry.yarnpkg.com/@types/d3-interpolate/-/d3-interpolate-3.0.4.tgz#412b90e84870285f2ff8a846c6eb60344f12a41c"
  integrity sha512-mgLPETlrpVV1YRJIglr4Ez47g7Yxjl1lj7YKsiMCb27VJH9W8NVM6Bb9d8kkpG/uAQS5AmbA48q2IAolKKo1MA==
  dependencies:
    "@types/d3-color" "*"

"@types/d3-path@*":
  version "3.1.0"
  resolved "https://registry.yarnpkg.com/@types/d3-path/-/d3-path-3.1.0.tgz#2b907adce762a78e98828f0b438eaca339ae410a"
  integrity sha512-P2dlU/q51fkOc/Gfl3Ul9kicV7l+ra934qBFXCFhrZMOL6du1TM0pm1ThYvENukyOn5h9v+yMJ9Fn5JK4QozrQ==

"@types/d3-polygon@*":
  version "3.0.2"
  resolved "https://registry.yarnpkg.com/@types/d3-polygon/-/d3-polygon-3.0.2.tgz#dfae54a6d35d19e76ac9565bcb32a8e54693189c"
  integrity sha512-ZuWOtMaHCkN9xoeEMr1ubW2nGWsp4nIql+OPQRstu4ypeZ+zk3YKqQT0CXVe/PYqrKpZAi+J9mTs05TKwjXSRA==

"@types/d3-quadtree@*":
  version "3.0.6"
  resolved "https://registry.yarnpkg.com/@types/d3-quadtree/-/d3-quadtree-3.0.6.tgz#d4740b0fe35b1c58b66e1488f4e7ed02952f570f"
  integrity sha512-oUzyO1/Zm6rsxKRHA1vH0NEDG58HrT5icx/azi9MF1TWdtttWl0UIUsjEQBBh+SIkrpd21ZjEv7ptxWys1ncsg==

"@types/d3-random@*":
  version "3.0.3"
  resolved "https://registry.yarnpkg.com/@types/d3-random/-/d3-random-3.0.3.tgz#ed995c71ecb15e0cd31e22d9d5d23942e3300cfb"
  integrity sha512-Imagg1vJ3y76Y2ea0871wpabqp613+8/r0mCLEBfdtqC7xMSfj9idOnmBYyMoULfHePJyxMAw3nWhJxzc+LFwQ==

"@types/d3-scale-chromatic@*":
  version "3.0.3"
  resolved "https://registry.yarnpkg.com/@types/d3-scale-chromatic/-/d3-scale-chromatic-3.0.3.tgz#fc0db9c10e789c351f4c42d96f31f2e4df8f5644"
  integrity sha512-laXM4+1o5ImZv3RpFAsTRn3TEkzqkytiOY0Dz0sq5cnd1dtNlk6sHLon4OvqaiJb28T0S/TdsBI3Sjsy+keJrw==

"@types/d3-scale@*":
  version "4.0.8"
  resolved "https://registry.yarnpkg.com/@types/d3-scale/-/d3-scale-4.0.8.tgz#d409b5f9dcf63074464bf8ddfb8ee5a1f95945bb"
  integrity sha512-gkK1VVTr5iNiYJ7vWDI+yUFFlszhNMtVeneJ6lUTKPjprsvLLI9/tgEGiXJOnlINJA8FyA88gfnQsHbybVZrYQ==
  dependencies:
    "@types/d3-time" "*"

"@types/d3-selection@*", "@types/d3-selection@^3.0.3":
  version "3.0.10"
  resolved "https://registry.yarnpkg.com/@types/d3-selection/-/d3-selection-3.0.10.tgz#98cdcf986d0986de6912b5892e7c015a95ca27fe"
  integrity sha512-cuHoUgS/V3hLdjJOLTT691+G2QoqAjCVLmr4kJXR4ha56w1Zdu8UUQ5TxLRqudgNjwXeQxKMq4j+lyf9sWuslg==

"@types/d3-shape@*":
  version "3.1.6"
  resolved "https://registry.yarnpkg.com/@types/d3-shape/-/d3-shape-3.1.6.tgz#65d40d5a548f0a023821773e39012805e6e31a72"
  integrity sha512-5KKk5aKGu2I+O6SONMYSNflgiP0WfZIQvVUMan50wHsLG1G94JlxEVnCpQARfTtzytuY0p/9PXXZb3I7giofIA==
  dependencies:
    "@types/d3-path" "*"

"@types/d3-time-format@*":
  version "4.0.3"
  resolved "https://registry.yarnpkg.com/@types/d3-time-format/-/d3-time-format-4.0.3.tgz#d6bc1e6b6a7db69cccfbbdd4c34b70632d9e9db2"
  integrity sha512-5xg9rC+wWL8kdDj153qZcsJ0FWiFt0J5RB6LYUNZjwSnesfblqrI/bJ1wBdJ8OQfncgbJG5+2F+qfqnqyzYxyg==

"@types/d3-time@*":
  version "3.0.3"
  resolved "https://registry.yarnpkg.com/@types/d3-time/-/d3-time-3.0.3.tgz#3c186bbd9d12b9d84253b6be6487ca56b54f88be"
  integrity sha512-2p6olUZ4w3s+07q3Tm2dbiMZy5pCDfYwtLXXHUnVzXgQlZ/OyPtUz6OL382BkOuGlLXqfT+wqv8Fw2v8/0geBw==

"@types/d3-timer@*":
  version "3.0.2"
  resolved "https://registry.yarnpkg.com/@types/d3-timer/-/d3-timer-3.0.2.tgz#70bbda77dc23aa727413e22e214afa3f0e852f70"
  integrity sha512-Ps3T8E8dZDam6fUyNiMkekK3XUsaUEik+idO9/YjPtfj2qruF8tFBXS7XhtE4iIXBLxhmLjP3SXpLhVf21I9Lw==

"@types/d3-transition@*":
  version "3.0.8"
  resolved "https://registry.yarnpkg.com/@types/d3-transition/-/d3-transition-3.0.8.tgz#677707f5eed5b24c66a1918cde05963021351a8f"
  integrity sha512-ew63aJfQ/ms7QQ4X7pk5NxQ9fZH/z+i24ZfJ6tJSfqxJMrYLiK01EAs2/Rtw/JreGUsS3pLPNV644qXFGnoZNQ==
  dependencies:
    "@types/d3-selection" "*"

"@types/d3-zoom@*", "@types/d3-zoom@^3.0.1":
  version "3.0.8"
  resolved "https://registry.yarnpkg.com/@types/d3-zoom/-/d3-zoom-3.0.8.tgz#dccb32d1c56b1e1c6e0f1180d994896f038bc40b"
  integrity sha512-iqMC4/YlFCSlO8+2Ii1GGGliCAY4XdeG748w5vQUbevlbDu0zSjH/+jojorQVBK/se0j6DUFNPBGSqD3YWYnDw==
  dependencies:
    "@types/d3-interpolate" "*"
    "@types/d3-selection" "*"

"@types/d3@^7.4.0":
  version "7.4.3"
  resolved "https://registry.yarnpkg.com/@types/d3/-/d3-7.4.3.tgz#d4550a85d08f4978faf0a4c36b848c61eaac07e2"
  integrity sha512-lZXZ9ckh5R8uiFVt8ogUNf+pIrK4EsWrx2Np75WvF/eTpJ0FMHNhjXk8CKEx/+gpHbNQyJWehbFaTvqmHWB3ww==
  dependencies:
    "@types/d3-array" "*"
    "@types/d3-axis" "*"
    "@types/d3-brush" "*"
    "@types/d3-chord" "*"
    "@types/d3-color" "*"
    "@types/d3-contour" "*"
    "@types/d3-delaunay" "*"
    "@types/d3-dispatch" "*"
    "@types/d3-drag" "*"
    "@types/d3-dsv" "*"
    "@types/d3-ease" "*"
    "@types/d3-fetch" "*"
    "@types/d3-force" "*"
    "@types/d3-format" "*"
    "@types/d3-geo" "*"
    "@types/d3-hierarchy" "*"
    "@types/d3-interpolate" "*"
    "@types/d3-path" "*"
    "@types/d3-polygon" "*"
    "@types/d3-quadtree" "*"
    "@types/d3-random" "*"
    "@types/d3-scale" "*"
    "@types/d3-scale-chromatic" "*"
    "@types/d3-selection" "*"
    "@types/d3-shape" "*"
    "@types/d3-time" "*"
    "@types/d3-time-format" "*"
    "@types/d3-timer" "*"
    "@types/d3-transition" "*"
    "@types/d3-zoom" "*"

"@types/geojson@*":
  version "7946.0.14"
  resolved "https://registry.yarnpkg.com/@types/geojson/-/geojson-7946.0.14.tgz#319b63ad6df705ee2a65a73ef042c8271e696613"
  integrity sha512-WCfD5Ht3ZesJUsONdhvm84dmzWOiOzOAqOncN0++w0lBw1o8OuDNJF2McvvCef/yBqb/HYRahp1BYtODFQ8bRg==

"@types/prop-types@*":
  version "15.7.12"
  resolved "https://registry.yarnpkg.com/@types/prop-types/-/prop-types-15.7.12.tgz#12bb1e2be27293c1406acb6af1c3f3a1481d98c6"
  integrity sha512-5zvhXYtRNRluoE/jAp4GVsSduVUzNWKkOZrCDBWYtE7biZywwdC2AcEzg+cSMLFRfVgeAFqpfNabiPjxFddV1Q==

"@types/react-dom@^18.3.0":
  version "18.3.0"
  resolved "https://registry.yarnpkg.com/@types/react-dom/-/react-dom-18.3.0.tgz#0cbc818755d87066ab6ca74fbedb2547d74a82b0"
  integrity sha512-EhwApuTmMBmXuFOikhQLIBUn6uFg81SwLMOAUgodJF14SOBOCMdU04gDoYi0WOJJHD144TL32z4yDqCW3dnkQg==
  dependencies:
    "@types/react" "*"

"@types/react@*", "@types/react@^18.3.4":
  version "18.3.4"
  resolved "https://registry.yarnpkg.com/@types/react/-/react-18.3.4.tgz#dfdd534a1d081307144c00e325c06e00312c93a3"
  integrity sha512-J7W30FTdfCxDDjmfRM+/JqLHBIyl7xUIp9kwK637FGmY7+mkSFSe6L4jpZzhj5QMfLssSDP4/i75AKkrdC7/Jw==
  dependencies:
    "@types/prop-types" "*"
    csstype "^3.0.2"

classcat@^5.0.3, classcat@^5.0.4:
  version "5.0.5"
  resolved "https://registry.yarnpkg.com/classcat/-/classcat-5.0.5.tgz#8c209f359a93ac302404a10161b501eba9c09c77"
  integrity sha512-JhZUT7JFcQy/EzW605k/ktHtncoo9vnyW/2GspNYwFlN1C/WmjuV/xtS04e9SOkL2sTdw0VAZ2UGCcQ9lR6p6w==

csstype@^3.0.2:
  version "3.1.3"
  resolved "https://registry.yarnpkg.com/csstype/-/csstype-3.1.3.tgz#d80ff294d114fb0e6ac500fbf85b60137d7eff81"
  integrity sha512-M1uQkMl8rQK/szD0LNhtqxIPLpimGm8sOBwU7lLnCpSbTyY3yeU1Vc7l4KT5zT4s/yOxHH5O7tIuuLOCnLADRw==

"d3-color@1 - 3":
  version "3.1.0"
  resolved "https://registry.yarnpkg.com/d3-color/-/d3-color-3.1.0.tgz#395b2833dfac71507f12ac2f7af23bf819de24e2"
  integrity sha512-zg/chbXyeBtMQ1LbD/WSoW2DpC3I0mpmPdW+ynRTj/x2DAWYrIY7qeZIHidozwV24m4iavr15lNwIwLxRmOxhA==

"d3-dispatch@1 - 3":
  version "3.0.1"
  resolved "https://registry.yarnpkg.com/d3-dispatch/-/d3-dispatch-3.0.1.tgz#5fc75284e9c2375c36c839411a0cf550cbfc4d5e"
  integrity sha512-rzUyPU/S7rwUflMyLc1ETDeBj0NRuHKKAcvukozwhshr6g6c5d8zh4c2gQjY2bZ0dXeGLWc1PF174P2tVvKhfg==

"d3-drag@2 - 3", d3-drag@^3.0.0:
  version "3.0.0"
  resolved "https://registry.yarnpkg.com/d3-drag/-/d3-drag-3.0.0.tgz#994aae9cd23c719f53b5e10e3a0a6108c69607ba"
  integrity sha512-pWbUJLdETVA8lQNJecMxoXfH6x+mO2UQo8rSmZ+QqxcbyA3hfeprFgIT//HW2nlHChWeIIMwS2Fq+gEARkhTkg==
  dependencies:
    d3-dispatch "1 - 3"
    d3-selection "3"

"d3-ease@1 - 3":
  version "3.0.1"
  resolved "https://registry.yarnpkg.com/d3-ease/-/d3-ease-3.0.1.tgz#9658ac38a2140d59d346160f1f6c30fda0bd12f4"
  integrity sha512-wR/XK3D3XcLIZwpbvQwQ5fK+8Ykds1ip7A2Txe0yxncXSdq1L9skcG7blcedkOX+ZcgxGAmLX1FrRGbADwzi0w==

"d3-interpolate@1 - 3":
  version "3.0.1"
  resolved "https://registry.yarnpkg.com/d3-interpolate/-/d3-interpolate-3.0.1.tgz#3c47aa5b32c5b3dfb56ef3fd4342078a632b400d"
  integrity sha512-3bYs1rOD33uo8aqJfKP3JWPAibgw8Zm2+L9vBKEHJ2Rg+viTR7o5Mmv5mZcieN+FRYaAOWX5SJATX6k1PWz72g==
  dependencies:
    d3-color "1 - 3"

"d3-selection@2 - 3", d3-selection@3, d3-selection@^3.0.0:
  version "3.0.0"
  resolved "https://registry.yarnpkg.com/d3-selection/-/d3-selection-3.0.0.tgz#c25338207efa72cc5b9bd1458a1a41901f1e1b31"
  integrity sha512-fmTRWbNMmsmWq6xJV8D19U/gw/bwrHfNXxrIN+HfZgnzqTHp9jOmKMhsTUjXOJnZOdZY9Q28y4yebKzqDKlxlQ==

"d3-timer@1 - 3":
  version "3.0.1"
  resolved "https://registry.yarnpkg.com/d3-timer/-/d3-timer-3.0.1.tgz#6284d2a2708285b1abb7e201eda4380af35e63b0"
  integrity sha512-ndfJ/JxxMd3nw31uyKoY2naivF+r29V+Lc0svZxe1JvvIRmi8hUsrMvdOwgS1o6uBHmiz91geQ0ylPP0aj1VUA==

"d3-transition@2 - 3":
  version "3.0.1"
  resolved "https://registry.yarnpkg.com/d3-transition/-/d3-transition-3.0.1.tgz#6869fdde1448868077fdd5989200cb61b2a1645f"
  integrity sha512-ApKvfjsSR6tg06xrL434C0WydLr7JewBB3V+/39RMHsaXTOG0zmt/OAXeng5M5LBm0ojmxJrpomQVZ1aPvBL4w==
  dependencies:
    d3-color "1 - 3"
    d3-dispatch "1 - 3"
    d3-ease "1 - 3"
    d3-interpolate "1 - 3"
    d3-timer "1 - 3"

d3-zoom@^3.0.0:
  version "3.0.0"
  resolved "https://registry.yarnpkg.com/d3-zoom/-/d3-zoom-3.0.0.tgz#d13f4165c73217ffeaa54295cd6969b3e7aee8f3"
  integrity sha512-b8AmV3kfQaqWAuacbPuNbL6vahnOJflOhexLzMMNLga62+/nh0JzvJ0aO/5a5MVgUFGS7Hu1P9P03o3fJkDCyw==
  dependencies:
    d3-dispatch "1 - 3"
    d3-drag "2 - 3"
    d3-interpolate "1 - 3"
    d3-selection "2 - 3"
    d3-transition "2 - 3"

"js-tokens@^3.0.0 || ^4.0.0":
  version "4.0.0"
  resolved "https://registry.yarnpkg.com/js-tokens/-/js-tokens-4.0.0.tgz#19203fb59991df98e3a287050d4647cdeaf32499"
  integrity sha512-RdJUflcE3cUzKiMqQgsCu06FPu9UdIJO0beYbPhHN4k6apgJtifcoCtT9bcxOpYBtpD2kCM6Sbzg4CausW/PKQ==

loose-envify@^1.1.0:
  version "1.4.0"
  resolved "https://registry.yarnpkg.com/loose-envify/-/loose-envify-1.4.0.tgz#71ee51fa7be4caec1a63839f7e682d8132d30caf"
  integrity sha512-lyuxPGr/Wfhrlem2CL/UcnUc1zcqKAImBDzukY7Y5F/yQiNdko6+fRLevlw1HgMySw7f611UIY408EtxRSoK3Q==
  dependencies:
    js-tokens "^3.0.0 || ^4.0.0"

react-dom@^18.3.1:
  version "18.3.1"
  resolved "https://registry.yarnpkg.com/react-dom/-/react-dom-18.3.1.tgz#c2265d79511b57d479b3dd3fdfa51536494c5cb4"
  integrity sha512-5m4nQKp+rZRb09LNH59GM4BxTh9251/ylbKIbpe7TpGxfJ+9kv6BLkLBXIjjspbgbnIBNqlI23tRnTWT0snUIw==
  dependencies:
    loose-envify "^1.1.0"
    scheduler "^0.23.2"

react@^18.3.1:
  version "18.3.1"
  resolved "https://registry.yarnpkg.com/react/-/react-18.3.1.tgz#49ab892009c53933625bd16b2533fc754cab2891"
  integrity sha512-wS+hAgJShR0KhEvPJArfuPVN1+Hz1t0Y6n5jLrGQbkb4urgPE/0Rve+1kMB1v/oWgHgm4WIcV+i7F2pTVj+2iQ==
  dependencies:
    loose-envify "^1.1.0"

reactflow@^11.11.4:
  version "11.11.4"
  resolved "https://registry.yarnpkg.com/reactflow/-/reactflow-11.11.4.tgz#e3593e313420542caed81aecbd73fb9bc6576653"
  integrity sha512-70FOtJkUWH3BAOsN+LU9lCrKoKbtOPnz2uq0CV2PLdNSwxTXOhCbsZr50GmZ+Rtw3jx8Uv7/vBFtCGixLfd4Og==
  dependencies:
    "@reactflow/background" "11.3.14"
    "@reactflow/controls" "11.2.14"
    "@reactflow/core" "11.11.4"
    "@reactflow/minimap" "11.7.14"
    "@reactflow/node-resizer" "2.2.14"
    "@reactflow/node-toolbar" "1.3.14"

scheduler@^0.23.2:
  version "0.23.2"
  resolved "https://registry.yarnpkg.com/scheduler/-/scheduler-0.23.2.tgz#414ba64a3b282892e944cf2108ecc078d115cdc3"
  integrity sha512-UOShsPwz7NrMUqhR6t0hWjFduvOzbtv7toDH1/hIrfRNIDBnnBWd0CwJTGvTpngVlmwGCdP9/Zl/tVrDqcuYzQ==
  dependencies:
    loose-envify "^1.1.0"

typescript@^5.5.4:
  version "5.5.4"
  resolved "https://registry.yarnpkg.com/typescript/-/typescript-5.5.4.tgz#d9852d6c82bad2d2eda4fd74a5762a8f5909e9ba"
  integrity sha512-Mtq29sKDAEYP7aljRgtPOpTvOfbwRWlS6dPRzwjdE+C0R4brX/GUyhHSecbHMFLNBLcJIPt9nl9yG5TZ1weH+Q==

use-sync-external-store@1.2.2:
  version "1.2.2"
  resolved "https://registry.yarnpkg.com/use-sync-external-store/-/use-sync-external-store-1.2.2.tgz#c3b6390f3a30eba13200d2302dcdf1e7b57b2ef9"
  integrity sha512-PElTlVMwpblvbNqQ82d2n6RjStvdSoNe9FG28kNfz3WiXilJm4DdNkEzRhCZuIDwY8U08WVihhGR5iRqAwfDiw==

zustand@^4.4.1:
  version "4.5.5"
  resolved "https://registry.yarnpkg.com/zustand/-/zustand-4.5.5.tgz#f8c713041543715ec81a2adda0610e1dc82d4ad1"
  integrity sha512-+0PALYNJNgK6hldkgDq2vLrw5f6g/jCInz52n9RTpropGgeAf/ioFUCdtsjCqu4gNhW9D01rUQBROoRjdzyn2Q==
  dependencies:
    use-sync-external-store "1.2.2"
